
Microsoft Visual Studio Solution File, Format Version 12.00
# Visual Studio Version 17
VisualStudioVersion = 17.0.31903.59
MinimumVisualStudioVersion = 10.0.40219.1
Project("{2150E333-8FDC-42A3-9474-1A3956D46DE8}") = "src", "src", "{827E0CD3-B72D-47B6-A68D-7590B98EB39B}"
EndProject
Project("{FAE04EC0-301F-11D3-BF4B-00C04F79EFBC}") = "KodaClaw.Automation", "src\KodaClaw.Automation\KodaClaw.Automation.csproj", "{7630EA6A-DF81-4682-B5A1-8B93000161B8}"
EndProject
Project("{FAE04EC0-301F-11D3-BF4B-00C04F79EFBC}") = "KodaClaw.Contracts", "src\KodaClaw.Contracts\KodaClaw.Contracts.csproj", "{462DA1AC-6108-449B-9CBE-0C4DA539544C}"
EndProject
Project("{FAE04EC0-301F-11D3-BF4B-00C04F79EFBC}") = "KodaClaw.ChannelHub", "src\KodaClaw.ChannelHub\KodaClaw.ChannelHub.csproj", "{C1D01602-56EB-4365-838D-56BFFCD7CC03}"
EndProject
Project("{FAE04EC0-301F-11D3-BF4B-00C04F79EFBC}") = "KodaClaw.ControlPlane", "src\KodaClaw.ControlPlane\KodaClaw.ControlPlane.csproj", "{160B5F2D-6522-4AC4-911C-E249E75AC82C}"
EndProject
Project("{FAE04EC0-301F-11D3-BF4B-00C04F79EFBC}") = "KodaClaw.Gateway", "src\KodaClaw.Gateway\KodaClaw.Gateway.csproj", "{4A184F8A-433A-43B2-A694-3B46714288BE}"
EndProject
Project("{FAE04EC0-301F-11D3-BF4B-00C04F79EFBC}") = "KodaClaw.Runtime", "src\KodaClaw.Runtime\KodaClaw.Runtime.csproj", "{1F9BE600-DDFA-46D0-A217-5E420ABE0430}"
EndProject
Project("{FAE04EC0-301F-11D3-BF4B-00C04F79EFBC}") = "KodaClaw.Workspace", "src\KodaClaw.Workspace\KodaClaw.Workspace.csproj", "{411B46DA-851F-4DA4-9245-2838B0318E92}"
EndProject
Project("{FAE04EC0-301F-11D3-BF4B-00C04F79EFBC}") = "KodaClaw.ModelHub", "src\KodaClaw.ModelHub\KodaClaw.ModelHub.csproj", "{36381507-9A72-488E-A0D8-1DB3F0B21CD6}"
EndProject
Project("{FAE04EC0-301F-11D3-BF4B-00C04F79EFBC}") = "KodaClaw.PluginHost", "src\KodaClaw.PluginHost\KodaClaw.PluginHost.csproj", "{48B99D35-590A-4320-92AC-1F7C880D6EF0}"
EndProject
Project("{FAE04EC0-301F-11D3-BF4B-00C04F79EFBC}") = "KodaClaw.Storage", "src\KodaClaw.Storage\KodaClaw.Storage.csproj", "{C9DECF63-FF0E-4E7D-A0EA-BE2684A9B651}"
EndProject
Project("{2150E333-8FDC-42A3-9474-1A3956D46DE8}") = "tests", "tests", "{0AB3BF05-4346-4AA6-1389-037BE0695223}"
EndProject
Project("{FAE04EC0-301F-11D3-BF4B-00C04F79EFBC}") = "KodaClaw.ContractTests", "tests\KodaClaw.ContractTests\KodaClaw.ContractTests.csproj", "{8DB5CBDC-7CD4-4BE6-B4C3-35A6984B262A}"
EndProject
Project("{FAE04EC0-301F-11D3-BF4B-00C04F79EFBC}") = "KodaClaw.IntegrationTests", "tests\KodaClaw.IntegrationTests\KodaClaw.IntegrationTests.csproj", "{8B9B7C67-F905-4E90-B6E7-438E6D96ED03}"
EndProject
Project("{FAE04EC0-301F-11D3-BF4B-00C04F79EFBC}") = "KodaClaw.UnitTests", "tests\KodaClaw.UnitTests\KodaClaw.UnitTests.csproj", "{4379ED96-4C4B-4448-A96C-FAD5560C57A6}"
EndProject
Project("{FAE04EC0-301F-11D3-BF4B-00C04F79EFBC}") = "KodaClaw.McpHub", "src\KodaClaw.McpHub\KodaClaw.McpHub.csproj", "{2AB7F4C4-0E54-4465-A091-972117488A22}"
EndProject
Project("{FAE04EC0-301F-11D3-BF4B-00C04F79EFBC}") = "Kode.Agent.Mcp", "..\..\src\Kode.Agent.Mcp\Kode.Agent.Mcp.csproj", "{B9D13028-1A3B-4EBB-96EA-83D70B5A0856}"
EndProject
Project("{FAE04EC0-301F-11D3-BF4B-00C04F79EFBC}") = "Kode.Agent.Sdk", "..\..\src\Kode.Agent.Sdk\Kode.Agent.Sdk.csproj", "{08294BF7-EBD7-4D46-A01A-6656ABBA3DFF}"
EndProject
Project("{FAE04EC0-301F-11D3-BF4B-00C04F79EFBC}") = "Kode.Agent.Tools.Orchestration", "..\..\src\Kode.Agent.Tools.Orchestration\Kode.Agent.Tools.Orchestration.csproj", "{2A3B4C5D-6E7F-8091-AD0E-2F3A4B5C6D7E}"
EndProject
Project("{FAE04EC0-301F-11D3-BF4B-00C04F79EFBC}") = "Kode.Agent.SourceGenerator", "..\..\src\Kode.Agent.SourceGenerator\Kode.Agent.SourceGenerator.csproj", "{169DFE6E-5B6F-403E-A221-15E3C6A73898}"
EndProject
Project("{2150E333-8FDC-42A3-9474-1A3956D46DE8}") = "tools", "tools", "{07C2787E-EAC7-C090-1BA3-A61EC2A24D84}"
EndProject
Project("{FAE04EC0-301F-11D3-BF4B-00C04F79EFBC}") = "KodaClaw.Cli", "tools\KodaClaw.Cli\KodaClaw.Cli.csproj", "{05D27A5E-C8A4-4E49-88F1-6E5B85C7D786}"
EndProject
Project("{FAE04EC0-301F-11D3-BF4B-00C04F79EFBC}") = "KodaClaw.Storage.Json", "src\KodaClaw.Storage.Json\KodaClaw.Storage.Json.csproj", "{C9B2E992-A1FC-4871-86DB-DADBE35077A5}"
EndProject
Project("{FAE04EC0-301F-11D3-BF4B-00C04F79EFBC}") = "KodaClaw.BrowserHub", "src\KodaClaw.BrowserHub\KodaClaw.BrowserHub.csproj", "{1E70C79F-264E-48B9-931A-F272CBFE7423}"
EndProject
Global
	GlobalSection(SolutionConfigurationPlatforms) = preSolution
		Debug|Any CPU = Debug|Any CPU
		Debug|x64 = Debug|x64
		Debug|x86 = Debug|x86
		Release|Any CPU = Release|Any CPU
		Release|x64 = Release|x64
		Release|x86 = Release|x86
	EndGlobalSection
	GlobalSection(ProjectConfigurationPlatforms) = postSolution
		{7630EA6A-DF81-4682-B5A1-8B93000161B8}.Debug|Any CPU.ActiveCfg = Debug|Any CPU
		{7630EA6A-DF81-4682-B5A1-8B93000161B8}.Debug|Any CPU.Build.0 = Debug|Any CPU
		{7630EA6A-DF81-4682-B5A1-8B93000161B8}.Debug|x64.ActiveCfg = Debug|Any CPU
		{7630EA6A-DF81-4682-B5A1-8B93000161B8}.Debug|x64.Build.0 = Debug|Any CPU
		{7630EA6A-DF81-4682-B5A1-8B93000161B8}.Debug|x86.ActiveCfg = Debug|Any CPU
		{7630EA6A-DF81-4682-B5A1-8B93000161B8}.Debug|x86.Build.0 = Debug|Any CPU
		{7630EA6A-DF81-4682-B5A1-8B93000161B8}.Release|Any CPU.ActiveCfg = Release|Any CPU
		{7630EA6A-DF81-4682-B5A1-8B93000161B8}.Release|Any CPU.Build.0 = Release|Any CPU
		{7630EA6A-DF81-4682-B5A1-8B93000161B8}.Release|x64.ActiveCfg = Release|Any CPU
		{7630EA6A-DF81-4682-B5A1-8B93000161B8}.Release|x64.Build.0 = Release|Any CPU
		{7630EA6A-DF81-4682-B5A1-8B93000161B8}.Release|x86.ActiveCfg = Release|Any CPU
		{7630EA6A-DF81-4682-B5A1-8B93000161B8}.Release|x86.Build.0 = Release|Any CPU
		{462DA1AC-6108-449B-9CBE-0C4DA539544C}.Debug|Any CPU.ActiveCfg = Debug|Any CPU
		{462DA1AC-6108-449B-9CBE-0C4DA539544C}.Debug|Any CPU.Build.0 = Debug|Any CPU
		{462DA1AC-6108-449B-9CBE-0C4DA539544C}.Debug|x64.ActiveCfg = Debug|Any CPU
		{462DA1AC-6108-449B-9CBE-0C4DA539544C}.Debug|x64.Build.0 = Debug|Any CPU
		{462DA1AC-6108-449B-9CBE-0C4DA539544C}.Debug|x86.ActiveCfg = Debug|Any CPU
		{462DA1AC-6108-449B-9CBE-0C4DA539544C}.Debug|x86.Build.0 = Debug|Any CPU
		{462DA1AC-6108-449B-9CBE-0C4DA539544C}.Release|Any CPU.ActiveCfg = Release|Any CPU
		{462DA1AC-6108-449B-9CBE-0C4DA539544C}.Release|Any CPU.Build.0 = Release|Any CPU
		{462DA1AC-6108-449B-9CBE-0C4DA539544C}.Release|x64.ActiveCfg = Release|Any CPU
		{462DA1AC-6108-449B-9CBE-0C4DA539544C}.Release|x64.Build.0 = Release|Any CPU
		{462DA1AC-6108-449B-9CBE-0C4DA539544C}.Release|x86.ActiveCfg = Release|Any CPU
		{462DA1AC-6108-449B-9CBE-0C4DA539544C}.Release|x86.Build.0 = Release|Any CPU
		{C1D01602-56EB-4365-838D-56BFFCD7CC03}.Debug|Any CPU.ActiveCfg = Debug|Any CPU
		{C1D01602-56EB-4365-838D-56BFFCD7CC03}.Debug|Any CPU.Build.0 = Debug|Any CPU
		{C1D01602-56EB-4365-838D-56BFFCD7CC03}.Debug|x64.ActiveCfg = Debug|Any CPU
		{C1D01602-56EB-4365-838D-56BFFCD7CC03}.Debug|x64.Build.0 = Debug|Any CPU
		{C1D01602-56EB-4365-838D-56BFFCD7CC03}.Debug|x86.ActiveCfg = Debug|Any CPU
		{C1D01602-56EB-4365-838D-56BFFCD7CC03}.Debug|x86.Build.0 = Debug|Any CPU
		{C1D01602-56EB-4365-838D-56BFFCD7CC03}.Release|Any CPU.ActiveCfg = Release|Any CPU
		{C1D01602-56EB-4365-838D-56BFFCD7CC03}.Release|Any CPU.Build.0 = Release|Any CPU
		{C1D01602-56EB-4365-838D-56BFFCD7CC03}.Release|x64.ActiveCfg = Release|Any CPU
		{C1D01602-56EB-4365-838D-56BFFCD7CC03}.Release|x64.Build.0 = Release|Any CPU
		{C1D01602-56EB-4365-838D-56BFFCD7CC03}.Release|x86.ActiveCfg = Release|Any CPU
		{C1D01602-56EB-4365-838D-56BFFCD7CC03}.Release|x86.Build.0 = Release|Any CPU
		{160B5F2D-6522-4AC4-911C-E249E75AC82C}.Debug|Any CPU.ActiveCfg = Debug|Any CPU
		{160B5F2D-6522-4AC4-911C-E249E75AC82C}.Debug|Any CPU.Build.0 = Debug|Any CPU
		{160B5F2D-6522-4AC4-911C-E249E75AC82C}.Debug|x64.ActiveCfg = Debug|Any CPU
		{160B5F2D-6522-4AC4-911C-E249E75AC82C}.Debug|x64.Build.0 = Debug|Any CPU
		{160B5F2D-6522-4AC4-911C-E249E75AC82C}.Debug|x86.ActiveCfg = Debug|Any CPU
		{160B5F2D-6522-4AC4-911C-E249E75AC82C}.Debug|x86.Build.0 = Debug|Any CPU
		{160B5F2D-6522-4AC4-911C-E249E75AC82C}.Release|Any CPU.ActiveCfg = Release|Any CPU
		{160B5F2D-6522-4AC4-911C-E249E75AC82C}.Release|Any CPU.Build.0 = Release|Any CPU
		{160B5F2D-6522-4AC4-911C-E249E75AC82C}.Release|x64.ActiveCfg = Release|Any CPU
		{160B5F2D-6522-4AC4-911C-E249E75AC82C}.Release|x64.Build.0 = Release|Any CPU
		{160B5F2D-6522-4AC4-911C-E249E75AC82C}.Release|x86.ActiveCfg = Release|Any CPU
		{160B5F2D-6522-4AC4-911C-E249E75AC82C}.Release|x86.Build.0 = Release|Any CPU
		{4A184F8A-433A-43B2-A694-3B46714288BE}.Debug|Any CPU.ActiveCfg = Debug|Any CPU
		{4A184F8A-433A-43B2-A694-3B46714288BE}.Debug|Any CPU.Build.0 = Debug|Any CPU
		{4A184F8A-433A-43B2-A694-3B46714288BE}.Debug|x64.ActiveCfg = Debug|Any CPU
		{4A184F8A-433A-43B2-A694-3B46714288BE}.Debug|x64.Build.0 = Debug|Any CPU
		{4A184F8A-433A-43B2-A694-3B46714288BE}.Debug|x86.ActiveCfg = Debug|Any CPU
		{4A184F8A-433A-43B2-A694-3B46714288BE}.Debug|x86.Build.0 = Debug|Any CPU
		{4A184F8A-433A-43B2-A694-3B46714288BE}.Release|Any CPU.ActiveCfg = Release|Any CPU
		{4A184F8A-433A-43B2-A694-3B46714288BE}.Release|Any CPU.Build.0 = Release|Any CPU
		{4A184F8A-433A-43B2-A694-3B46714288BE}.Release|x64.ActiveCfg = Release|Any CPU
		{4A184F8A-433A-43B2-A694-3B46714288BE}.Release|x64.Build.0 = Release|Any CPU
		{4A184F8A-433A-43B2-A694-3B46714288BE}.Release|x86.ActiveCfg = Release|Any CPU
		{4A184F8A-433A-43B2-A694-3B46714288BE}.Release|x86.Build.0 = Release|Any CPU
		{1F9BE600-DDFA-46D0-A217-5E420ABE0430}.Debug|Any CPU.ActiveCfg = Debug|Any CPU
		{1F9BE600-DDFA-46D0-A217-5E420ABE0430}.Debug|Any CPU.Build.0 = Debug|Any CPU
		{1F9BE600-DDFA-46D0-A217-5E420ABE0430}.Debug|x64.ActiveCfg = Debug|Any CPU
		{1F9BE600-DDFA-46D0-A217-5E420ABE0430}.Debug|x64.Build.0 = Debug|Any CPU
		{1F9BE600-DDFA-46D0-A217-5E420ABE0430}.Debug|x86.ActiveCfg = Debug|Any CPU
		{1F9BE600-DDFA-46D0-A217-5E420ABE0430}.Debug|x86.Build.0 = Debug|Any CPU
		{1F9BE600-DDFA-46D0-A217-5E420ABE0430}.Release|Any CPU.ActiveCfg = Release|Any CPU
		{1F9BE600-DDFA-46D0-A217-5E420ABE0430}.Release|Any CPU.Build.0 = Release|Any CPU
		{1F9BE600-DDFA-46D0-A217-5E420ABE0430}.Release|x64.ActiveCfg = Release|Any CPU
		{1F9BE600-DDFA-46D0-A217-5E420ABE0430}.Release|x64.Build.0 = Release|Any CPU
		{1F9BE600-DDFA-46D0-A217-5E420ABE0430}.Release|x86.ActiveCfg = Release|Any CPU
		{1F9BE600-DDFA-46D0-A217-5E420ABE0430}.Release|x86.Build.0 = Release|Any CPU
		{411B46DA-851F-4DA4-9245-2838B0318E92}.Debug|Any CPU.ActiveCfg = Debug|Any CPU
		{411B46DA-851F-4DA4-9245-2838B0318E92}.Debug|Any CPU.Build.0 = Debug|Any CPU
		{411B46DA-851F-4DA4-9245-2838B0318E92}.Debug|x64.ActiveCfg = Debug|Any CPU
		{411B46DA-851F-4DA4-9245-2838B0318E92}.Debug|x64.Build.0 = Debug|Any CPU
		{411B46DA-851F-4DA4-9245-2838B0318E92}.Debug|x86.ActiveCfg = Debug|Any CPU
		{411B46DA-851F-4DA4-9245-2838B0318E92}.Debug|x86.Build.0 = Debug|Any CPU
		{411B46DA-851F-4DA4-9245-2838B0318E92}.Release|Any CPU.ActiveCfg = Release|Any CPU
		{411B46DA-851F-4DA4-9245-2838B0318E92}.Release|Any CPU.Build.0 = Release|Any CPU
		{411B46DA-851F-4DA4-9245-2838B0318E92}.Release|x64.ActiveCfg = Release|Any CPU
		{411B46DA-851F-4DA4-9245-2838B0318E92}.Release|x64.Build.0 = Release|Any CPU
		{411B46DA-851F-4DA4-9245-2838B0318E92}.Release|x86.ActiveCfg = Release|Any CPU
		{411B46DA-851F-4DA4-9245-2838B0318E92}.Release|x86.Build.0 = Release|Any CPU
		{36381507-9A72-488E-A0D8-1DB3F0B21CD6}.Debug|Any CPU.ActiveCfg = Debug|Any CPU
		{36381507-9A72-488E-A0D8-1DB3F0B21CD6}.Debug|Any CPU.Build.0 = Debug|Any CPU
		{36381507-9A72-488E-A0D8-1DB3F0B21CD6}.Debug|x64.ActiveCfg = Debug|Any CPU
		{36381507-9A72-488E-A0D8-1DB3F0B21CD6}.Debug|x64.Build.0 = Debug|Any CPU
		{36381507-9A72-488E-A0D8-1DB3F0B21CD6}.Debug|x86.ActiveCfg = Debug|Any CPU
		{36381507-9A72-488E-A0D8-1DB3F0B21CD6}.Debug|x86.Build.0 = Debug|Any CPU
		{36381507-9A72-488E-A0D8-1DB3F0B21CD6}.Release|Any CPU.ActiveCfg = Release|Any CPU
		{36381507-9A72-488E-A0D8-1DB3F0B21CD6}.Release|Any CPU.Build.0 = Release|Any CPU
		{36381507-9A72-488E-A0D8-1DB3F0B21CD6}.Release|x64.ActiveCfg = Release|Any CPU
		{36381507-9A72-488E-A0D8-1DB3F0B21CD6}.Release|x64.Build.0 = Release|Any CPU
		{36381507-9A72-488E-A0D8-1DB3F0B21CD6}.Release|x86.ActiveCfg = Release|Any CPU
		{36381507-9A72-488E-A0D8-1DB3F0B21CD6}.Release|x86.Build.0 = Release|Any CPU
		{48B99D35-590A-4320-92AC-1F7C880D6EF0}.Debug|Any CPU.ActiveCfg = Debug|Any CPU
		{48B99D35-590A-4320-92AC-1F7C880D6EF0}.Debug|Any CPU.Build.0 = Debug|Any CPU
		{48B99D35-590A-4320-92AC-1F7C880D6EF0}.Debug|x64.ActiveCfg = Debug|Any CPU
		{48B99D35-590A-4320-92AC-1F7C880D6EF0}.Debug|x64.Build.0 = Debug|Any CPU
		{48B99D35-590A-4320-92AC-1F7C880D6EF0}.Debug|x86.ActiveCfg = Debug|Any CPU
		{48B99D35-590A-4320-92AC-1F7C880D6EF0}.Debug|x86.Build.0 = Debug|Any CPU
		{48B99D35-590A-4320-92AC-1F7C880D6EF0}.Release|Any CPU.ActiveCfg = Release|Any CPU
		{48B99D35-590A-4320-92AC-1F7C880D6EF0}.Release|Any CPU.Build.0 = Release|Any CPU
		{48B99D35-590A-4320-92AC-1F7C880D6EF0}.Release|x64.ActiveCfg = Release|Any CPU
		{48B99D35-590A-4320-92AC-1F7C880D6EF0}.Release|x64.Build.0 = Release|Any CPU
		{48B99D35-590A-4320-92AC-1F7C880D6EF0}.Release|x86.ActiveCfg = Release|Any CPU
		{48B99D35-590A-4320-92AC-1F7C880D6EF0}.Release|x86.Build.0 = Release|Any CPU
		{C9DECF63-FF0E-4E7D-A0EA-BE2684A9B651}.Debug|Any CPU.ActiveCfg = Debug|Any CPU
		{C9DECF63-FF0E-4E7D-A0EA-BE2684A9B651}.Debug|Any CPU.Build.0 = Debug|Any CPU
		{C9DECF63-FF0E-4E7D-A0EA-BE2684A9B651}.Debug|x64.ActiveCfg = Debug|Any CPU
		{C9DECF63-FF0E-4E7D-A0EA-BE2684A9B651}.Debug|x64.Build.0 = Debug|Any CPU
		{C9DECF63-FF0E-4E7D-A0EA-BE2684A9B651}.Debug|x86.ActiveCfg = Debug|Any CPU
		{C9DECF63-FF0E-4E7D-A0EA-BE2684A9B651}.Debug|x86.Build.0 = Debug|Any CPU
		{C9DECF63-FF0E-4E7D-A0EA-BE2684A9B651}.Release|Any CPU.ActiveCfg = Release|Any CPU
		{C9DECF63-FF0E-4E7D-A0EA-BE2684A9B651}.Release|Any CPU.Build.0 = Release|Any CPU
		{C9DECF63-FF0E-4E7D-A0EA-BE2684A9B651}.Release|x64.ActiveCfg = Release|Any CPU
		{C9DECF63-FF0E-4E7D-A0EA-BE2684A9B651}.Release|x64.Build.0 = Release|Any CPU
		{C9DECF63-FF0E-4E7D-A0EA-BE2684A9B651}.Release|x86.ActiveCfg = Release|Any CPU
		{C9DECF63-FF0E-4E7D-A0EA-BE2684A9B651}.Release|x86.Build.0 = Release|Any CPU
		{8DB5CBDC-7CD4-4BE6-B4C3-35A6984B262A}.Debug|Any CPU.ActiveCfg = Debug|Any CPU
		{8DB5CBDC-7CD4-4BE6-B4C3-35A6984B262A}.Debug|Any CPU.Build.0 = Debug|Any CPU
		{8DB5CBDC-7CD4-4BE6-B4C3-35A6984B262A}.Debug|x64.ActiveCfg = Debug|Any CPU
		{8DB5CBDC-7CD4-4BE6-B4C3-35A6984B262A}.Debug|x64.Build.0 = Debug|Any CPU
		{8DB5CBDC-7CD4-4BE6-B4C3-35A6984B262A}.Debug|x86.ActiveCfg = Debug|Any CPU
		{8DB5CBDC-7CD4-4BE6-B4C3-35A6984B262A}.Debug|x86.Build.0 = Debug|Any CPU
		{8DB5CBDC-7CD4-4BE6-B4C3-35A6984B262A}.Release|Any CPU.ActiveCfg = Release|Any CPU
		{8DB5CBDC-7CD4-4BE6-B4C3-35A6984B262A}.Release|Any CPU.Build.0 = Release|Any CPU
		{8DB5CBDC-7CD4-4BE6-B4C3-35A6984B262A}.Release|x64.ActiveCfg = Release|Any CPU
		{8DB5CBDC-7CD4-4BE6-B4C3-35A6984B262A}.Release|x64.Build.0 = Release|Any CPU
		{8DB5CBDC-7CD4-4BE6-B4C3-35A6984B262A}.Release|x86.ActiveCfg = Release|Any CPU
		{8DB5CBDC-7CD4-4BE6-B4C3-35A6984B262A}.Release|x86.Build.0 = Release|Any CPU
		{8B9B7C67-F905-4E90-B6E7-438E6D96ED03}.Debug|Any CPU.ActiveCfg = Debug|Any CPU
		{8B9B7C67-F905-4E90-B6E7-438E6D96ED03}.Debug|Any CPU.Build.0 = Debug|Any CPU
		{8B9B7C67-F905-4E90-B6E7-438E6D96ED03}.Debug|x64.ActiveCfg = Debug|Any CPU
		{8B9B7C67-F905-4E90-B6E7-438E6D96ED03}.Debug|x64.Build.0 = Debug|Any CPU
		{8B9B7C67-F905-4E90-B6E7-438E6D96ED03}.Debug|x86.ActiveCfg = Debug|Any CPU
		{8B9B7C67-F905-4E90-B6E7-438E6D96ED03}.Debug|x86.Build.0 = Debug|Any CPU
		{8B9B7C67-F905-4E90-B6E7-438E6D96ED03}.Release|Any CPU.ActiveCfg = Release|Any CPU
		{8B9B7C67-F905-4E90-B6E7-438E6D96ED03}.Release|Any CPU.Build.0 = Release|Any CPU
		{8B9B7C67-F905-4E90-B6E7-438E6D96ED03}.Release|x64.ActiveCfg = Release|Any CPU
		{8B9B7C67-F905-4E90-B6E7-438E6D96ED03}.Release|x64.Build.0 = Release|Any CPU
		{8B9B7C67-F905-4E90-B6E7-438E6D96ED03}.Release|x86.ActiveCfg = Release|Any CPU
		{8B9B7C67-F905-4E90-B6E7-438E6D96ED03}.Release|x86.Build.0 = Release|Any CPU
		{4379ED96-4C4B-4448-A96C-FAD5560C57A6}.Debug|Any CPU.ActiveCfg = Debug|Any CPU
		{4379ED96-4C4B-4448-A96C-FAD5560C57A6}.Debug|Any CPU.Build.0 = Debug|Any CPU
		{4379ED96-4C4B-4448-A96C-FAD5560C57A6}.Debug|x64.ActiveCfg = Debug|Any CPU
		{4379ED96-4C4B-4448-A96C-FAD5560C57A6}.Debug|x64.Build.0 = Debug|Any CPU
		{4379ED96-4C4B-4448-A96C-FAD5560C57A6}.Debug|x86.ActiveCfg = Debug|Any CPU
		{4379ED96-4C4B-4448-A96C-FAD5560C57A6}.Debug|x86.Build.0 = Debug|Any CPU
		{4379ED96-4C4B-4448-A96C-FAD5560C57A6}.Release|Any CPU.ActiveCfg = Release|Any CPU
		{4379ED96-4C4B-4448-A96C-FAD5560C57A6}.Release|Any CPU.Build.0 = Release|Any CPU
		{4379ED96-4C4B-4448-A96C-FAD5560C57A6}.Release|x64.ActiveCfg = Release|Any CPU
		{4379ED96-4C4B-4448-A96C-FAD5560C57A6}.Release|x64.Build.0 = Release|Any CPU
		{4379ED96-4C4B-4448-A96C-FAD5560C57A6}.Release|x86.ActiveCfg = Release|Any CPU
		{4379ED96-4C4B-4448-A96C-FAD5560C57A6}.Release|x86.Build.0 = Release|Any CPU
		{2AB7F4C4-0E54-4465-A091-972117488A22}.Debug|Any CPU.ActiveCfg = Debug|Any CPU
		{2AB7F4C4-0E54-4465-A091-972117488A22}.Debug|Any CPU.Build.0 = Debug|Any CPU
		{2AB7F4C4-0E54-4465-A091-972117488A22}.Debug|x64.ActiveCfg = Debug|Any CPU
		{2AB7F4C4-0E54-4465-A091-972117488A22}.Debug|x64.Build.0 = Debug|Any CPU
		{2AB7F4C4-0E54-4465-A091-972117488A22}.Debug|x86.ActiveCfg = Debug|Any CPU
		{2AB7F4C4-0E54-4465-A091-972117488A22}.Debug|x86.Build.0 = Debug|Any CPU
		{2AB7F4C4-0E54-4465-A091-972117488A22}.Release|Any CPU.ActiveCfg = Release|Any CPU
		{2AB7F4C4-0E54-4465-A091-972117488A22}.Release|Any CPU.Build.0 = Release|Any CPU
		{2AB7F4C4-0E54-4465-A091-972117488A22}.Release|x64.ActiveCfg = Release|Any CPU
		{2AB7F4C4-0E54-4465-A091-972117488A22}.Release|x64.Build.0 = Release|Any CPU
		{2AB7F4C4-0E54-4465-A091-972117488A22}.Release|x86.ActiveCfg = Release|Any CPU
		{2AB7F4C4-0E54-4465-A091-972117488A22}.Release|x86.Build.0 = Release|Any CPU
		{B9D13028-1A3B-4EBB-96EA-83D70B5A0856}.Debug|Any CPU.ActiveCfg = Debug|Any CPU
		{B9D13028-1A3B-4EBB-96EA-83D70B5A0856}.Debug|Any CPU.Build.0 = Debug|Any CPU
		{B9D13028-1A3B-4EBB-96EA-83D70B5A0856}.Debug|x64.ActiveCfg = Debug|Any CPU
		{B9D13028-1A3B-4EBB-96EA-83D70B5A0856}.Debug|x64.Build.0 = Debug|Any CPU
		{B9D13028-1A3B-4EBB-96EA-83D70B5A0856}.Debug|x86.ActiveCfg = Debug|Any CPU
		{B9D13028-1A3B-4EBB-96EA-83D70B5A0856}.Debug|x86.Build.0 = Debug|Any CPU
		{B9D13028-1A3B-4EBB-96EA-83D70B5A0856}.Release|Any CPU.ActiveCfg = Release|Any CPU
		{B9D13028-1A3B-4EBB-96EA-83D70B5A0856}.Release|Any CPU.Build.0 = Release|Any CPU
		{B9D13028-1A3B-4EBB-96EA-83D70B5A0856}.Release|x64.ActiveCfg = Release|Any CPU
		{B9D13028-1A3B-4EBB-96EA-83D70B5A0856}.Release|x64.Build.0 = Release|Any CPU
		{B9D13028-1A3B-4EBB-96EA-83D70B5A0856}.Release|x86.ActiveCfg = Release|Any CPU
		{B9D13028-1A3B-4EBB-96EA-83D70B5A0856}.Release|x86.Build.0 = Release|Any CPU
		{08294BF7-EBD7-4D46-A01A-6656ABBA3DFF}.Debug|Any CPU.ActiveCfg = Debug|Any CPU
		{08294BF7-EBD7-4D46-A01A-6656ABBA3DFF}.Debug|Any CPU.Build.0 = Debug|Any CPU
		{08294BF7-EBD7-4D46-A01A-6656ABBA3DFF}.Debug|x64.ActiveCfg = Debug|Any CPU
		{08294BF7-EBD7-4D46-A01A-6656ABBA3DFF}.Debug|x64.Build.0 = Debug|Any CPU
		{08294BF7-EBD7-4D46-A01A-6656ABBA3DFF}.Debug|x86.ActiveCfg = Debug|Any CPU
		{08294BF7-EBD7-4D46-A01A-6656ABBA3DFF}.Debug|x86.Build.0 = Debug|Any CPU
		{08294BF7-EBD7-4D46-A01A-6656ABBA3DFF}.Release|Any CPU.ActiveCfg = Release|Any CPU
		{08294BF7-EBD7-4D46-A01A-6656ABBA3DFF}.Release|Any CPU.Build.0 = Release|Any CPU
		{08294BF7-EBD7-4D46-A01A-6656ABBA3DFF}.Release|x64.ActiveCfg = Release|Any CPU
		{08294BF7-EBD7-4D46-A01A-6656ABBA3DFF}.Release|x64.Build.0 = Release|Any CPU
		{08294BF7-EBD7-4D46-A01A-6656ABBA3DFF}.Release|x86.ActiveCfg = Release|Any CPU
		{08294BF7-EBD7-4D46-A01A-6656ABBA3DFF}.Release|x86.Build.0 = Release|Any CPU
		{2A3B4C5D-6E7F-8091-AD0E-2F3A4B5C6D7E}.Debug|Any CPU.ActiveCfg = Debug|Any CPU
		{2A3B4C5D-6E7F-8091-AD0E-2F3A4B5C6D7E}.Debug|Any CPU.Build.0 = Debug|Any CPU
		{2A3B4C5D-6E7F-8091-AD0E-2F3A4B5C6D7E}.Debug|x64.ActiveCfg = Debug|Any CPU
		{2A3B4C5D-6E7F-8091-AD0E-2F3A4B5C6D7E}.Debug|x64.Build.0 = Debug|Any CPU
		{2A3B4C5D-6E7F-8091-AD0E-2F3A4B5C6D7E}.Debug|x86.ActiveCfg = Debug|Any CPU
		{2A3B4C5D-6E7F-8091-AD0E-2F3A4B5C6D7E}.Debug|x86.Build.0 = Debug|Any CPU
		{2A3B4C5D-6E7F-8091-AD0E-2F3A4B5C6D7E}.Release|Any CPU.ActiveCfg = Release|Any CPU
		{2A3B4C5D-6E7F-8091-AD0E-2F3A4B5C6D7E}.Release|Any CPU.Build.0 = Release|Any CPU
		{2A3B4C5D-6E7F-8091-AD0E-2F3A4B5C6D7E}.Release|x64.ActiveCfg = Release|Any CPU
		{2A3B4C5D-6E7F-8091-AD0E-2F3A4B5C6D7E}.Release|x64.Build.0 = Release|Any CPU
		{2A3B4C5D-6E7F-8091-AD0E-2F3A4B5C6D7E}.Release|x86.ActiveCfg = Release|Any CPU
		{2A3B4C5D-6E7F-8091-AD0E-2F3A4B5C6D7E}.Release|x86.Build.0 = Release|Any CPU
		{169DFE6E-5B6F-403E-A221-15E3C6A73898}.Debug|Any CPU.ActiveCfg = Debug|Any CPU
		{169DFE6E-5B6F-403E-A221-15E3C6A73898}.Debug|Any CPU.Build.0 = Debug|Any CPU
		{169DFE6E-5B6F-403E-A221-15E3C6A73898}.Debug|x64.ActiveCfg = Debug|Any CPU
		{169DFE6E-5B6F-403E-A221-15E3C6A73898}.Debug|x64.Build.0 = Debug|Any CPU
		{169DFE6E-5B6F-403E-A221-15E3C6A73898}.Debug|x86.ActiveCfg = Debug|Any CPU
		{169DFE6E-5B6F-403E-A221-15E3C6A73898}.Debug|x86.Build.0 = Debug|Any CPU
		{169DFE6E-5B6F-403E-A221-15E3C6A73898}.Release|Any CPU.ActiveCfg = Release|Any CPU
		{169DFE6E-5B6F-403E-A221-15E3C6A73898}.Release|Any CPU.Build.0 = Release|Any CPU
		{169DFE6E-5B6F-403E-A221-15E3C6A73898}.Release|x64.ActiveCfg = Release|Any CPU
		{169DFE6E-5B6F-403E-A221-15E3C6A73898}.Release|x64.Build.0 = Release|Any CPU
		{169DFE6E-5B6F-403E-A221-15E3C6A73898}.Release|x86.ActiveCfg = Release|Any CPU
		{169DFE6E-5B6F-403E-A221-15E3C6A73898}.Release|x86.Build.0 = Release|Any CPU
		{05D27A5E-C8A4-4E49-88F1-6E5B85C7D786}.Debug|Any CPU.ActiveCfg = Debug|Any CPU
		{05D27A5E-C8A4-4E49-88F1-6E5B85C7D786}.Debug|Any CPU.Build.0 = Debug|Any CPU
		{05D27A5E-C8A4-4E49-88F1-6E5B85C7D786}.Debug|x64.ActiveCfg = Debug|Any CPU
		{05D27A5E-C8A4-4E49-88F1-6E5B85C7D786}.Debug|x64.Build.0 = Debug|Any CPU
		{05D27A5E-C8A4-4E49-88F1-6E5B85C7D786}.Debug|x86.ActiveCfg = Debug|Any CPU
		{05D27A5E-C8A4-4E49-88F1-6E5B85C7D786}.Debug|x86.Build.0 = Debug|Any CPU
		{05D27A5E-C8A4-4E49-88F1-6E5B85C7D786}.Release|Any CPU.ActiveCfg = Release|Any CPU
		{05D27A5E-C8A4-4E49-88F1-6E5B85C7D786}.Release|Any CPU.Build.0 = Release|Any CPU
		{05D27A5E-C8A4-4E49-88F1-6E5B85C7D786}.Release|x64.ActiveCfg = Release|Any CPU
		{05D27A5E-C8A4-4E49-88F1-6E5B85C7D786}.Release|x64.Build.0 = Release|Any CPU
		{05D27A5E-C8A4-4E49-88F1-6E5B85C7D786}.Release|x86.ActiveCfg = Release|Any CPU
		{05D27A5E-C8A4-4E49-88F1-6E5B85C7D786}.Release|x86.Build.0 = Release|Any CPU
		{C9B2E992-A1FC-4871-86DB-DADBE35077A5}.Debug|Any CPU.ActiveCfg = Debug|Any CPU
		{C9B2E992-A1FC-4871-86DB-DADBE35077A5}.Debug|Any CPU.Build.0 = Debug|Any CPU
		{C9B2E992-A1FC-4871-86DB-DADBE35077A5}.Debug|x64.ActiveCfg = Debug|Any CPU
		{C9B2E992-A1FC-4871-86DB-DADBE35077A5}.Debug|x64.Build.0 = Debug|Any CPU
		{C9B2E992-A1FC-4871-86DB-DADBE35077A5}.Debug|x86.ActiveCfg = Debug|Any CPU
		{C9B2E992-A1FC-4871-86DB-DADBE35077A5}.Debug|x86.Build.0 = Debug|Any CPU
		{C9B2E992-A1FC-4871-86DB-DADBE35077A5}.Release|Any CPU.ActiveCfg = Release|Any CPU
		{C9B2E992-A1FC-4871-86DB-DADBE35077A5}.Release|Any CPU.Build.0 = Release|Any CPU
		{C9B2E992-A1FC-4871-86DB-DADBE35077A5}.Release|x64.ActiveCfg = Release|Any CPU
		{C9B2E992-A1FC-4871-86DB-DADBE35077A5}.Release|x64.Build.0 = Release|Any CPU
		{C9B2E992-A1FC-4871-86DB-DADBE35077A5}.Release|x86.ActiveCfg = Release|Any CPU
		{C9B2E992-A1FC-4871-86DB-DADBE35077A5}.Release|x86.Build.0 = Release|Any CPU
		{1E70C79F-264E-48B9-931A-F272CBFE7423}.Debug|Any CPU.ActiveCfg = Debug|Any CPU
		{1E70C79F-264E-48B9-931A-F272CBFE7423}.Debug|Any CPU.Build.0 = Debug|Any CPU
		{1E70C79F-264E-48B9-931A-F272CBFE7423}.Debug|x64.ActiveCfg = Debug|Any CPU
		{1E70C79F-264E-48B9-931A-F272CBFE7423}.Debug|x64.Build.0 = Debug|Any CPU
		{1E70C79F-264E-48B9-931A-F272CBFE7423}.Debug|x86.ActiveCfg = Debug|Any CPU
		{1E70C79F-264E-48B9-931A-F272CBFE7423}.Debug|x86.Build.0 = Debug|Any CPU
		{1E70C79F-264E-48B9-931A-F272CBFE7423}.Release|Any CPU.ActiveCfg = Release|Any CPU
		{1E70C79F-264E-48B9-931A-F272CBFE7423}.Release|Any CPU.Build.0 = Release|Any CPU
		{1E70C79F-264E-48B9-931A-F272CBFE7423}.Release|x64.ActiveCfg = Release|Any CPU
		{1E70C79F-264E-48B9-931A-F272CBFE7423}.Release|x64.Build.0 = Release|Any CPU
		{1E70C79F-264E-48B9-931A-F272CBFE7423}.Release|x86.ActiveCfg = Release|Any CPU
		{1E70C79F-264E-48B9-931A-F272CBFE7423}.Release|x86.Build.0 = Release|Any CPU
	EndGlobalSection
	GlobalSection(SolutionProperties) = preSolution
		HideSolutionNode = FALSE
	EndGlobalSection
	GlobalSection(NestedProjects) = preSolution
		{7630EA6A-DF81-4682-B5A1-8B93000161B8} = {827E0CD3-B72D-47B6-A68D-7590B98EB39B}
		{462DA1AC-6108-449B-9CBE-0C4DA539544C} = {827E0CD3-B72D-47B6-A68D-7590B98EB39B}
		{C1D01602-56EB-4365-838D-56BFFCD7CC03} = {827E0CD3-B72D-47B6-A68D-7590B98EB39B}
		{160B5F2D-6522-4AC4-911C-E249E75AC82C} = {827E0CD3-B72D-47B6-A68D-7590B98EB39B}
		{4A184F8A-433A-43B2-A694-3B46714288BE} = {827E0CD3-B72D-47B6-A68D-7590B98EB39B}
		{1F9BE600-DDFA-46D0-A217-5E420ABE0430} = {827E0CD3-B72D-47B6-A68D-7590B98EB39B}
		{411B46DA-851F-4DA4-9245-2838B0318E92} = {827E0CD3-B72D-47B6-A68D-7590B98EB39B}
		{36381507-9A72-488E-A0D8-1DB3F0B21CD6} = {827E0CD3-B72D-47B6-A68D-7590B98EB39B}
		{48B99D35-590A-4320-92AC-1F7C880D6EF0} = {827E0CD3-B72D-47B6-A68D-7590B98EB39B}
		{C9DECF63-FF0E-4E7D-A0EA-BE2684A9B651} = {827E0CD3-B72D-47B6-A68D-7590B98EB39B}
		{8DB5CBDC-7CD4-4BE6-B4C3-35A6984B262A} = {0AB3BF05-4346-4AA6-1389-037BE0695223}
		{8B9B7C67-F905-4E90-B6E7-438E6D96ED03} = {0AB3BF05-4346-4AA6-1389-037BE0695223}
		{4379ED96-4C4B-4448-A96C-FAD5560C57A6} = {0AB3BF05-4346-4AA6-1389-037BE0695223}
		{2AB7F4C4-0E54-4465-A091-972117488A22} = {827E0CD3-B72D-47B6-A68D-7590B98EB39B}
		{B9D13028-1A3B-4EBB-96EA-83D70B5A0856} = {827E0CD3-B72D-47B6-A68D-7590B98EB39B}
		{08294BF7-EBD7-4D46-A01A-6656ABBA3DFF} = {827E0CD3-B72D-47B6-A68D-7590B98EB39B}
		{169DFE6E-5B6F-403E-A221-15E3C6A73898} = {827E0CD3-B72D-47B6-A68D-7590B98EB39B}
		{05D27A5E-C8A4-4E49-88F1-6E5B85C7D786} = {07C2787E-EAC7-C090-1BA3-A61EC2A24D84}
		{C9B2E992-A1FC-4871-86DB-DADBE35077A5} = {827E0CD3-B72D-47B6-A68D-7590B98EB39B}
		{1E70C79F-264E-48B9-931A-F272CBFE7423} = {827E0CD3-B72D-47B6-A68D-7590B98EB39B}
	EndGlobalSection
EndGlobal
